
Microsoft Visual Studio Solution File, Format Version 12.00
# Visual Studio 14
VisualStudioVersion = 14.0.25420.1
MinimumVisualStudioVersion = 10.0.40219.1
Project("{FAE04EC0-301F-11D3-BF4B-00C04F79EFBC}") = "Trie", "Trie\Trie.csproj", "{B936AEA5-958E-41F2-8028-A7B6A3BC5150}"
EndProject
Project("{FAE04EC0-301F-11D3-BF4B-00C04F79EFBC}") = "TrieTester", "TrieTester\TrieTester.csproj", "{1BAC05BE-0C16-42E6-B27F-6F966432018D}"
EndProject
Global
	GlobalSection(SolutionConfigurationPlatforms) = preSolution
		Debug|Any CPU = Debug|Any CPU
		Release|Any CPU = Release|Any CPU
	EndGlobalSection
	GlobalSection(ProjectConfigurationPlatforms) = postSolution
		{B936AEA5-958E-41F2-8028-A7B6A3BC5150}.Debug|Any CPU.ActiveCfg = Debug|Any CPU
		{B936AEA5-958E-41F2-8028-A7B6A3BC5150}.Debug|Any CPU.Build.0 = Debug|Any CPU
		{B936AEA5-958E-41F2-8028-A7B6A3BC5150}.Release|Any CPU.ActiveCfg = Release|Any CPU
		{B936AEA5-958E-41F2-8028-A7B6A3BC5150}.Release|Any CPU.Build.0 = Release|Any CPU
		{1BAC05BE-0C16-42E6-B27F-6F966432018D}.Debug|Any CPU.ActiveCfg = Debug|Any CPU
		{1BAC05BE-0C16-42E6-B27F-6F966432018D}.Debug|Any CPU.Build.0 = Debug|Any CPU
		{1BAC05BE-0C16-42E6-B27F-6F966432018D}.Release|Any CPU.ActiveCfg = Release|Any CPU
		{1BAC05BE-0C16-42E6-B27F-6F966432018D}.Release|Any CPU.Build.0 = Release|Any CPU
	EndGlobalSection
	GlobalSection(SolutionProperties) = preSolution
		HideSolutionNode = FALSE
	EndGlobalSection
EndGlobal
